
Microsoft Visual Studio Solution File, Format Version 12.00
# Visual Studio Version 16
VisualStudioVersion = 16.0.29001.49
MinimumVisualStudioVersion = 10.0.40219.1
Project("{9A19103F-16F7-4668-BE54-9A1E7A4F7556}") = "NAutowired", "NAutowired\NAutowired.csproj", "{889903EF-A9E9-4511-89AF-F5E0FA46A031}"
EndProject
Project("{9A19103F-16F7-4668-BE54-9A1E7A4F7556}") = "NAutowired.Core", "NAutowired.Core\NAutowired.Core.csproj", "{61F5D8F8-FF96-4BCD-91B6-68DE770DD580}"
EndProject
Project("{9A19103F-16F7-4668-BE54-9A1E7A4F7556}") = "NAutowiredSample", "NAutowiredSample\NAutowiredSample.csproj", "{600984EC-4B95-4BF2-B20E-4D776DFAB70A}"
EndProject
Project("{FAE04EC0-301F-11D3-BF4B-00C04F79EFBC}") = "NAutowired.Console", "NAutowired.Console\NAutowired.Console.csproj", "{3A34F8C5-5752-432D-AC30-4EE463A77EAD}"
EndProject
Global
	GlobalSection(SolutionConfigurationPlatforms) = preSolution
		Debug|Any CPU = Debug|Any CPU
		Release|Any CPU = Release|Any CPU
	EndGlobalSection
	GlobalSection(ProjectConfigurationPlatforms) = postSolution
		{889903EF-A9E9-4511-89AF-F5E0FA46A031}.Debug|Any CPU.ActiveCfg = Debug|Any CPU
		{889903EF-A9E9-4511-89AF-F5E0FA46A031}.Debug|Any CPU.Build.0 = Debug|Any CPU
		{889903EF-A9E9-4511-89AF-F5E0FA46A031}.Release|Any CPU.ActiveCfg = Release|Any CPU
		{889903EF-A9E9-4511-89AF-F5E0FA46A031}.Release|Any CPU.Build.0 = Release|Any CPU
		{61F5D8F8-FF96-4BCD-91B6-68DE770DD580}.Debug|Any CPU.ActiveCfg = Debug|Any CPU
		{61F5D8F8-FF96-4BCD-91B6-68DE770DD580}.Debug|Any CPU.Build.0 = Debug|Any CPU
		{61F5D8F8-FF96-4BCD-91B6-68DE770DD580}.Release|Any CPU.ActiveCfg = Release|Any CPU
		{61F5D8F8-FF96-4BCD-91B6-68DE770DD580}.Release|Any CPU.Build.0 = Release|Any CPU
		{600984EC-4B95-4BF2-B20E-4D776DFAB70A}.Debug|Any CPU.ActiveCfg = Debug|Any CPU
		{600984EC-4B95-4BF2-B20E-4D776DFAB70A}.Debug|Any CPU.Build.0 = Debug|Any CPU
		{600984EC-4B95-4BF2-B20E-4D776DFAB70A}.Release|Any CPU.ActiveCfg = Release|Any CPU
		{600984EC-4B95-4BF2-B20E-4D776DFAB70A}.Release|Any CPU.Build.0 = Release|Any CPU
		{3A34F8C5-5752-432D-AC30-4EE463A77EAD}.Debug|Any CPU.ActiveCfg = Debug|Any CPU
		{3A34F8C5-5752-432D-AC30-4EE463A77EAD}.Debug|Any CPU.Build.0 = Debug|Any CPU
		{3A34F8C5-5752-432D-AC30-4EE463A77EAD}.Release|Any CPU.ActiveCfg = Release|Any CPU
		{3A34F8C5-5752-432D-AC30-4EE463A77EAD}.Release|Any CPU.Build.0 = Release|Any CPU
	EndGlobalSection
	GlobalSection(SolutionProperties) = preSolution
		HideSolutionNode = FALSE
	EndGlobalSection
	GlobalSection(ExtensibilityGlobals) = postSolution
		SolutionGuid = {C2E510E7-0D28-4345-8075-F27A82563FED}
	EndGlobalSection
EndGlobal
